
Microsoft Visual Studio Solution File, Format Version 12.00
# Visual Studio 14
VisualStudioVersion = 14.0.25123.0
MinimumVisualStudioVersion = 10.0.40219.1
Project("{FAE04EC0-301F-11D3-BF4B-00C04F79EFBC}") = "NodeEditor", "NodeEditor\NodeEditor.csproj", "{426702BF-B492-40CF-A0D6-972D4215A3C8}"
EndProject
Project("{FAE04EC0-301F-11D3-BF4B-00C04F79EFBC}") = "ConsoleTesting", "ConsoleTesting\ConsoleTesting.csproj", "{C2031B21-BEE5-4DE1-BA4A-34FC83E20CF9}"
EndProject
Project("{FAE04EC0-301F-11D3-BF4B-00C04F79EFBC}") = "WpfTesting", "WpfTesting\WpfTesting.csproj", "{75C2BBC6-6176-426F-AAF8-49542356A2E6}"
EndProject
Global
	GlobalSection(SolutionConfigurationPlatforms) = preSolution
		Debug|Any CPU = Debug|Any CPU
		Release|Any CPU = Release|Any CPU
	EndGlobalSection
	GlobalSection(ProjectConfigurationPlatforms) = postSolution
		{426702BF-B492-40CF-A0D6-972D4215A3C8}.Debug|Any CPU.ActiveCfg = Debug|Any CPU
		{426702BF-B492-40CF-A0D6-972D4215A3C8}.Debug|Any CPU.Build.0 = Debug|Any CPU
		{426702BF-B492-40CF-A0D6-972D4215A3C8}.Release|Any CPU.ActiveCfg = Release|Any CPU
		{426702BF-B492-40CF-A0D6-972D4215A3C8}.Release|Any CPU.Build.0 = Release|Any CPU
		{C2031B21-BEE5-4DE1-BA4A-34FC83E20CF9}.Debug|Any CPU.ActiveCfg = Debug|Any CPU
		{C2031B21-BEE5-4DE1-BA4A-34FC83E20CF9}.Debug|Any CPU.Build.0 = Debug|Any CPU
		{C2031B21-BEE5-4DE1-BA4A-34FC83E20CF9}.Release|Any CPU.ActiveCfg = Release|Any CPU
		{C2031B21-BEE5-4DE1-BA4A-34FC83E20CF9}.Release|Any CPU.Build.0 = Release|Any CPU
		{75C2BBC6-6176-426F-AAF8-49542356A2E6}.Debug|Any CPU.ActiveCfg = Debug|Any CPU
		{75C2BBC6-6176-426F-AAF8-49542356A2E6}.Debug|Any CPU.Build.0 = Debug|Any CPU
		{75C2BBC6-6176-426F-AAF8-49542356A2E6}.Release|Any CPU.ActiveCfg = Release|Any CPU
		{75C2BBC6-6176-426F-AAF8-49542356A2E6}.Release|Any CPU.Build.0 = Release|Any CPU
	EndGlobalSection
	GlobalSection(SolutionProperties) = preSolution
		HideSolutionNode = FALSE
	EndGlobalSection
EndGlobal
